
Microsoft Visual Studio Solution File, Format Version 12.00
# Visual Studio Version 16
VisualStudioVersion = 16.0.30225.117
MinimumVisualStudioVersion = 10.0.40219.1
Project("{FAE04EC0-301F-11D3-BF4B-00C04F79EFBC}") = "Work-Timer", "Work-Timer\Work-Timer.csproj", "{B91BF1A1-0D7A-40B8-AA3E-C1F7D7F2DE88}"
EndProject
Global
	GlobalSection(SolutionConfigurationPlatforms) = preSolution
		Debug|ARM = Debug|ARM
		Debug|ARM64 = Debug|ARM64
		Debug|x64 = Debug|x64
		Debug|x86 = Debug|x86
		Release|ARM = Release|ARM
		Release|ARM64 = Release|ARM64
		Release|x64 = Release|x64
		Release|x86 = Release|x86
	EndGlobalSection
	GlobalSection(ProjectConfigurationPlatforms) = postSolution
		{B91BF1A1-0D7A-40B8-AA3E-C1F7D7F2DE88}.Debug|ARM.ActiveCfg = Debug|ARM
		{B91BF1A1-0D7A-40B8-AA3E-C1F7D7F2DE88}.Debug|ARM.Build.0 = Debug|ARM
		{B91BF1A1-0D7A-40B8-AA3E-C1F7D7F2DE88}.Debug|ARM.Deploy.0 = Debug|ARM
		{B91BF1A1-0D7A-40B8-AA3E-C1F7D7F2DE88}.Debug|ARM64.ActiveCfg = Debug|ARM64
		{B91BF1A1-0D7A-40B8-AA3E-C1F7D7F2DE88}.Debug|ARM64.Build.0 = Debug|ARM64
		{B91BF1A1-0D7A-40B8-AA3E-C1F7D7F2DE88}.Debug|ARM64.Deploy.0 = Debug|ARM64
		{B91BF1A1-0D7A-40B8-AA3E-C1F7D7F2DE88}.Debug|x64.ActiveCfg = Debug|x64
		{B91BF1A1-0D7A-40B8-AA3E-C1F7D7F2DE88}.Debug|x64.Build.0 = Debug|x64
		{B91BF1A1-0D7A-40B8-AA3E-C1F7D7F2DE88}.Debug|x64.Deploy.0 = Debug|x64
		{B91BF1A1-0D7A-40B8-AA3E-C1F7D7F2DE88}.Debug|x86.ActiveCfg = Debug|x86
		{B91BF1A1-0D7A-40B8-AA3E-C1F7D7F2DE88}.Debug|x86.Build.0 = Debug|x86
		{B91BF1A1-0D7A-40B8-AA3E-C1F7D7F2DE88}.Debug|x86.Deploy.0 = Debug|x86
		{B91BF1A1-0D7A-40B8-AA3E-C1F7D7F2DE88}.Release|ARM.ActiveCfg = Release|ARM
		{B91BF1A1-0D7A-40B8-AA3E-C1F7D7F2DE88}.Release|ARM.Build.0 = Release|ARM
		{B91BF1A1-0D7A-40B8-AA3E-C1F7D7F2DE88}.Release|ARM.Deploy.0 = Release|ARM
		{B91BF1A1-0D7A-40B8-AA3E-C1F7D7F2DE88}.Release|ARM64.ActiveCfg = Release|ARM64
		{B91BF1A1-0D7A-40B8-AA3E-C1F7D7F2DE88}.Release|ARM64.Build.0 = Release|ARM64
		{B91BF1A1-0D7A-40B8-AA3E-C1F7D7F2DE88}.Release|ARM64.Deploy.0 = Release|ARM64
		{B91BF1A1-0D7A-40B8-AA3E-C1F7D7F2DE88}.Release|x64.ActiveCfg = Release|x64
		{B91BF1A1-0D7A-40B8-AA3E-C1F7D7F2DE88}.Release|x64.Build.0 = Release|x64
		{B91BF1A1-0D7A-40B8-AA3E-C1F7D7F2DE88}.Release|x64.Deploy.0 = Release|x64
		{B91BF1A1-0D7A-40B8-AA3E-C1F7D7F2DE88}.Release|x86.ActiveCfg = Release|x86
		{B91BF1A1-0D7A-40B8-AA3E-C1F7D7F2DE88}.Release|x86.Build.0 = Release|x86
		{B91BF1A1-0D7A-40B8-AA3E-C1F7D7F2DE88}.Release|x86.Deploy.0 = Release|x86
	EndGlobalSection
	GlobalSection(SolutionProperties) = preSolution
		HideSolutionNode = FALSE
	EndGlobalSection
	GlobalSection(ExtensibilityGlobals) = postSolution
		SolutionGuid = {FEEFA813-1666-4A7E-850A-1844A4EE0126}
	EndGlobalSection
EndGlobal
